
Microsoft Visual Studio Solution File, Format Version 12.00
# Visual Studio 2013
VisualStudioVersion = 12.0.31101.0
MinimumVisualStudioVersion = 10.0.40219.1
Project("{FAE04EC0-301F-11D3-BF4B-00C04F79EFBC}") = "Fakturiranje", "Fakturiranje\Fakturiranje.csproj", "{BB67DDA7-6782-444B-9CAC-2E4A0875B572}"
EndProject
Project("{FAE04EC0-301F-11D3-BF4B-00C04F79EFBC}") = "ZisCode", "..\ZisCode\ZisCode.csproj", "{DB8EFD82-BF6C-4227-88DF-D260A36688FE}"
EndProject
Global
	GlobalSection(SolutionConfigurationPlatforms) = preSolution
		Debug|Any CPU = Debug|Any CPU
		Debug|x86 = Debug|x86
		Release|Any CPU = Release|Any CPU
		Release|x86 = Release|x86
	EndGlobalSection
	GlobalSection(ProjectConfigurationPlatforms) = postSolution
		{BB67DDA7-6782-444B-9CAC-2E4A0875B572}.Debug|Any CPU.ActiveCfg = Debug|Any CPU
		{BB67DDA7-6782-444B-9CAC-2E4A0875B572}.Debug|Any CPU.Build.0 = Debug|Any CPU
		{BB67DDA7-6782-444B-9CAC-2E4A0875B572}.Debug|x86.ActiveCfg = Debug|x86
		{BB67DDA7-6782-444B-9CAC-2E4A0875B572}.Debug|x86.Build.0 = Debug|x86
		{BB67DDA7-6782-444B-9CAC-2E4A0875B572}.Release|Any CPU.ActiveCfg = Release|Any CPU
		{BB67DDA7-6782-444B-9CAC-2E4A0875B572}.Release|Any CPU.Build.0 = Release|Any CPU
		{BB67DDA7-6782-444B-9CAC-2E4A0875B572}.Release|x86.ActiveCfg = Release|x86
		{BB67DDA7-6782-444B-9CAC-2E4A0875B572}.Release|x86.Build.0 = Release|x86
		{DB8EFD82-BF6C-4227-88DF-D260A36688FE}.Debug|Any CPU.ActiveCfg = Debug|Any CPU
		{DB8EFD82-BF6C-4227-88DF-D260A36688FE}.Debug|Any CPU.Build.0 = Debug|Any CPU
		{DB8EFD82-BF6C-4227-88DF-D260A36688FE}.Debug|x86.ActiveCfg = Debug|Any CPU
		{DB8EFD82-BF6C-4227-88DF-D260A36688FE}.Release|Any CPU.ActiveCfg = Release|Any CPU
		{DB8EFD82-BF6C-4227-88DF-D260A36688FE}.Release|Any CPU.Build.0 = Release|Any CPU
		{DB8EFD82-BF6C-4227-88DF-D260A36688FE}.Release|x86.ActiveCfg = Release|Any CPU
	EndGlobalSection
	GlobalSection(SolutionProperties) = preSolution
		HideSolutionNode = FALSE
	EndGlobalSection
EndGlobal
